Microsoft Visual Studio Solution File, Format Version 12.00
# Visual Studio Version 17
VisualStudioVersion = 17.1.32210.238
MinimumVisualStudioVersion = 10.0.40219.1
Project("{9A19103F-16F7-4668-BE54-9A1E7A4F7556}") = "ClrMdTest", "ClrMdTest.csproj", "{B52173ED-7BA0-4574-8D10-A9BF31C6D183}"
EndProject
Global
	GlobalSection(SolutionConfigurationPlatforms) = preSolution
		Debug|Any CPU = Debug|Any CPU
		Release|Any CPU = Release|Any CPU
	EndGlobalSection
	GlobalSection(ProjectConfigurationPlatforms) = postSolution
		{B52173ED-7BA0-4574-8D10-A9BF31C6D183}.Debug|Any CPU.ActiveCfg = Debug|Any CPU
		{B52173ED-7BA0-4574-8D10-A9BF31C6D183}.Debug|Any CPU.Build.0 = Debug|Any CPU
		{B52173ED-7BA0-4574-8D10-A9BF31C6D183}.Release|Any CPU.ActiveCfg = Release|Any CPU
		{B52173ED-7BA0-4574-8D10-A9BF31C6D183}.Release|Any CPU.Build.0 = Release|Any CPU
	EndGlobalSection
	GlobalSection(SolutionProperties) = preSolution
		HideSolutionNode = FALSE
	EndGlobalSection
	GlobalSection(ExtensibilityGlobals) = postSolution
		SolutionGuid = {5F32B65C-4BE2-4900-8F9E-562A8315F8D5}
	EndGlobalSection
EndGlobal
