Microsoft Visual Studio Solution File, Format Version 12.00
# Visual Studio Version 17
VisualStudioVersion = 17.1.32210.238
MinimumVisualStudioVersion = 10.0.40219.1
Project("{9A19103F-16F7-4668-BE54-9A1E7A4F7556}") = "MemorySnapshotAnalysis", "MemorySnapshotAnalysis\MemorySnapshotAnalysis.csproj", "{B52173ED-7BA0-4574-8D10-A9BF31C6D183}"
EndProject
Project("{FAE04EC0-301F-11D3-BF4B-00C04F79EFBC}") = "Web", "Web\Web.csproj", "{4784B857-810D-402E-B9AD-D5AAEB92B6DC}"
EndProject
Project("{FAE04EC0-301F-11D3-BF4B-00C04F79EFBC}") = "Console", "Console\Console.csproj", "{C095BEB1-ED36-4370-AB35-FC8A90031C80}"
EndProject
Global
	GlobalSection(SolutionConfigurationPlatforms) = preSolution
		Debug|Any CPU = Debug|Any CPU
		Release|Any CPU = Release|Any CPU
	EndGlobalSection
	GlobalSection(ProjectConfigurationPlatforms) = postSolution
		{B52173ED-7BA0-4574-8D10-A9BF31C6D183}.Debug|Any CPU.ActiveCfg = Debug|Any CPU
		{B52173ED-7BA0-4574-8D10-A9BF31C6D183}.Debug|Any CPU.Build.0 = Debug|Any CPU
		{B52173ED-7BA0-4574-8D10-A9BF31C6D183}.Release|Any CPU.ActiveCfg = Release|Any CPU
		{B52173ED-7BA0-4574-8D10-A9BF31C6D183}.Release|Any CPU.Build.0 = Release|Any CPU
		{4784B857-810D-402E-B9AD-D5AAEB92B6DC}.Debug|Any CPU.ActiveCfg = Debug|Any CPU
		{4784B857-810D-402E-B9AD-D5AAEB92B6DC}.Debug|Any CPU.Build.0 = Debug|Any CPU
		{4784B857-810D-402E-B9AD-D5AAEB92B6DC}.Release|Any CPU.ActiveCfg = Release|Any CPU
		{4784B857-810D-402E-B9AD-D5AAEB92B6DC}.Release|Any CPU.Build.0 = Release|Any CPU
		{C095BEB1-ED36-4370-AB35-FC8A90031C80}.Debug|Any CPU.ActiveCfg = Debug|Any CPU
		{C095BEB1-ED36-4370-AB35-FC8A90031C80}.Debug|Any CPU.Build.0 = Debug|Any CPU
		{C095BEB1-ED36-4370-AB35-FC8A90031C80}.Release|Any CPU.ActiveCfg = Release|Any CPU
		{C095BEB1-ED36-4370-AB35-FC8A90031C80}.Release|Any CPU.Build.0 = Release|Any CPU
	EndGlobalSection
	GlobalSection(SolutionProperties) = preSolution
		HideSolutionNode = FALSE
	EndGlobalSection
	GlobalSection(ExtensibilityGlobals) = postSolution
		SolutionGuid = {5F32B65C-4BE2-4900-8F9E-562A8315F8D5}
	EndGlobalSection
EndGlobal
